// !$*UTF8*$!
{
	archiveVersion = 1;
	classes = {
	};
	objectVersion = 48;
	objects = {

/* Begin PBXBuildFile section */
		524D98C4196368D6008F79D5 /* Foundation.framework in Frameworks */ = {isa = PBXBuildFile; fileRef = 524D98C3196368D6008F79D5 /* Foundation.framework */; };
		524D98C6196368D6008F79D5 /* CoreGraphics.framework in Frameworks */ = {isa = PBXBuildFile; fileRef = 524D98C5196368D6008F79D5 /* CoreGraphics.framework */; };
		524D98C8196368D6008F79D5 /* UIKit.framework in Frameworks */ = {isa = PBXBuildFile; fileRef = 524D98C7196368D6008F79D5 /* UIKit.framework */; };
		524D98CE196368D6008F79D5 /* InfoPlist.strings in Resources */ = {isa = PBXBuildFile; fileRef = 524D98CC196368D6008F79D5 /* InfoPlist.strings */; };
		524D98D0196368D6008F79D5 /* main.m in Sources */ = {isa = PBXBuildFile; fileRef = 524D98CF196368D6008F79D5 /* main.m */; };
		524D98D4196368D6008F79D5 /* AppDelegate.m in Sources */ = {isa = PBXBuildFile; fileRef = 524D98D3196368D6008F79D5 /* AppDelegate.m */; };
		524D98D7196368D6008F79D5 /* Main_iPhone.storyboard in Resources */ = {isa = PBXBuildFile; fileRef = 524D98D5196368D6008F79D5 /* Main_iPhone.storyboard */; };
		524D98DA196368D6008F79D5 /* Main_iPad.storyboard in Resources */ = {isa = PBXBuildFile; fileRef = 524D98D8196368D6008F79D5 /* Main_iPad.storyboard */; };
		524D98DD196368D6008F79D5 /* ViewController.m in Sources */ = {isa = PBXBuildFile; fileRef = 524D98DC196368D6008F79D5 /* ViewController.m */; };
		524D98DF196368D6008F79D5 /* Images.xcassets in Resources */ = {isa = PBXBuildFile; fileRef = 524D98DE196368D6008F79D5 /* Images.xcassets */; };
		524D98E6196368D6008F79D5 /* XCTest.framework in Frameworks */ = {isa = PBXBuildFile; fileRef = 524D98E5196368D6008F79D5 /* XCTest.framework */; };
		524D98E7196368D6008F79D5 /* Foundation.framework in Frameworks */ = {isa = PBXBuildFile; fileRef = 524D98C3196368D6008F79D5 /* Foundation.framework */; };
		524D98E8196368D6008F79D5 /* UIKit.framework in Frameworks */ = {isa = PBXBuildFile; fileRef = 524D98C7196368D6008F79D5 /* UIKit.framework */; };
		524D98F0196368D6008F79D5 /* InfoPlist.strings in Resources */ = {isa = PBXBuildFile; fileRef = 524D98EE196368D6008F79D5 /* InfoPlist.strings */; };
		524D98F2196368D6008F79D5 /* PhorcysTests.m in Sources */ = {isa = PBXBuildFile; fileRef = 524D98F1196368D6008F79D5 /* PhorcysTests.m */; };
		525E2F6D1B699747004B9C29 /* Default-568h@2x.png in Resources */ = {isa = PBXBuildFile; fileRef = 525E2F6C1B699747004B9C29 /* Default-568h@2x.png */; };
		525E2F6F1B699B32004B9C29 /* Default.png in Resources */ = {isa = PBXBuildFile; fileRef = 525E2F6E1B699B32004B9C29 /* Default.png */; };
		5274C15519C117EA006DCC03 /* Default@2x.png in Resources */ = {isa = PBXBuildFile; fileRef = 5274C15419C117EA006DCC03 /* Default@2x.png */; };
		527B611019DB4D7D00140164 /* Default.psd in Resources */ = {isa = PBXBuildFile; fileRef = 527B610F19DB4D7C00140164 /* Default.psd */; };
		52AE505619C111400058209B /* Icon.png in Resources */ = {isa = PBXBuildFile; fileRef = 52AE505419C111400058209B /* Icon.png */; };
		52AE505719C111400058209B /* Icon@2x.png in Resources */ = {isa = PBXBuildFile; fileRef = 52AE505519C111400058209B /* Icon@2x.png */; };
/* End PBXBuildFile section */

/* Begin PBXContainerItemProxy section */
		524D98E9196368D6008F79D5 /* PBXContainerItemProxy */ = {
			isa = PBXContainerItemProxy;
			containerPortal = 524D98B8196368D6008F79D5 /* Project object */;
			proxyType = 1;
			remoteGlobalIDString = 524D98BF196368D6008F79D5;
			remoteInfo = Phorcys;
		};
/* End PBXContainerItemProxy section */

/* Begin PBXFileReference section */
		524D98C0196368D6008F79D5 /* Phorcys.app */ = {isa = PBXFileReference; explicitFileType = wrapper.application; includeInIndex = 0; path = Phorcys.app; sourceTree = BUILT_PRODUCTS_DIR; };
		524D98C3196368D6008F79D5 /* Foundation.framework */ = {isa = PBXFileReference; lastKnownFileType = wrapper.framework; name = Foundation.framework; path = System/Library/Frameworks/Foundation.framework; sourceTree = SDKROOT; };
		524D98C5196368D6008F79D5 /* CoreGraphics.framework */ = {isa = PBXFileReference; lastKnownFileType = wrapper.framework; name = CoreGraphics.framework; path = System/Library/Frameworks/CoreGraphics.framework; sourceTree = SDKROOT; };
		524D98C7196368D6008F79D5 /* UIKit.framework */ = {isa = PBXFileReference; lastKnownFileType = wrapper.framework; name = UIKit.framework; path = System/Library/Frameworks/UIKit.framework; sourceTree = SDKROOT; };
		524D98CB196368D6008F79D5 /* Phorcys-Info.plist */ = {isa = PBXFileReference; lastKnownFileType = text.plist.xml; path = "Phorcys-Info.plist"; sourceTree = "<group>"; };
		524D98CD196368D6008F79D5 /* en */ = {isa = PBXFileReference; lastKnownFileType = text.plist.strings; name = en; path = en.lproj/InfoPlist.strings; sourceTree = "<group>"; };
		524D98CF196368D6008F79D5 /* main.m */ = {isa = PBXFileReference; lastKnownFileType = sourcecode.c.objc; path = main.m; sourceTree = "<group>"; };
		524D98D1196368D6008F79D5 /* Phorcys-Prefix.pch */ = {isa = PBXFileReference; lastKnownFileType = sourcecode.c.h; path = "Phorcys-Prefix.pch"; sourceTree = "<group>"; };
		524D98D2196368D6008F79D5 /* AppDelegate.h */ = {isa = PBXFileReference; lastKnownFileType = sourcecode.c.h; path = AppDelegate.h; sourceTree = "<group>"; };
		524D98D3196368D6008F79D5 /* AppDelegate.m */ = {isa = PBXFileReference; lastKnownFileType = sourcecode.c.objc; path = AppDelegate.m; sourceTree = "<group>"; };
		524D98D6196368D6008F79D5 /* Base */ = {isa = PBXFileReference; lastKnownFileType = file.storyboard; name = Base; path = Base.lproj/Main_iPhone.storyboard; sourceTree = "<group>"; };
		524D98D9196368D6008F79D5 /* Base */ = {isa = PBXFileReference; lastKnownFileType = file.storyboard; name = Base; path = Base.lproj/Main_iPad.storyboard; sourceTree = "<group>"; };
		524D98DB196368D6008F79D5 /* ViewController.h */ = {isa = PBXFileReference; lastKnownFileType = sourcecode.c.h; path = ViewController.h; sourceTree = "<group>"; };
		524D98DC196368D6008F79D5 /* ViewController.m */ = {isa = PBXFileReference; lastKnownFileType = sourcecode.c.objc; path = ViewController.m; sourceTree = "<group>"; };
		524D98DE196368D6008F79D5 /* Images.xcassets */ = {isa = PBXFileReference; lastKnownFileType = folder.assetcatalog; path = Images.xcassets; sourceTree = "<group>"; };
		524D98E4196368D6008F79D5 /* PhorcysTests.xctest */ = {isa = PBXFileReference; explicitFileType = wrapper.cfbundle; includeInIndex = 0; path = PhorcysTests.xctest; sourceTree = BUILT_PRODUCTS_DIR; };
		524D98E5196368D6008F79D5 /* XCTest.framework */ = {isa = PBXFileReference; lastKnownFileType = wrapper.framework; name = XCTest.framework; path = Library/Frameworks/XCTest.framework; sourceTree = DEVELOPER_DIR; };
		524D98ED196368D6008F79D5 /* PhorcysTests-Info.plist */ = {isa = PBXFileReference; lastKnownFileType = text.plist.xml; path = "PhorcysTests-Info.plist"; sourceTree = "<group>"; };
		524D98EF196368D6008F79D5 /* en */ = {isa = PBXFileReference; lastKnownFileType = text.plist.strings; name = en; path = en.lproj/InfoPlist.strings; sourceTree = "<group>"; };
		524D98F1196368D6008F79D5 /* PhorcysTests.m */ = {isa = PBXFileReference; lastKnownFileType = sourcecode.c.objc; path = PhorcysTests.m; sourceTree = "<group>"; };
		525E2F6C1B699747004B9C29 /* Default-568h@2x.png */ = {isa = PBXFileReference; lastKnownFileType = image.png; path = "Default-568h@2x.png"; sourceTree = "<group>"; };
		525E2F6E1B699B32004B9C29 /* Default.png */ = {isa = PBXFileReference; lastKnownFileType = image.png; path = Default.png; sourceTree = "<group>"; };
		5274C15419C117EA006DCC03 /* Default@2x.png */ = {isa = PBXFileReference; lastKnownFileType = image.png; path = "Default@2x.png"; sourceTree = "<group>"; };
		527B610F19DB4D7C00140164 /* Default.psd */ = {isa = PBXFileReference; lastKnownFileType = file; path = Default.psd; sourceTree = "<group>"; };
		52AE505419C111400058209B /* Icon.png */ = {isa = PBXFileReference; lastKnownFileType = image.png; path = Icon.png; sourceTree = "<group>"; };
		52AE505519C111400058209B /* Icon@2x.png */ = {isa = PBXFileReference; lastKnownFileType = image.png; path = "Icon@2x.png"; sourceTree = "<group>"; };
/* End PBXFileReference section */

/* Begin PBXFrameworksBuildPhase section */
		524D98BD196368D6008F79D5 /* Frameworks */ = {
			isa = PBXFrameworksBuildPhase;
			buildActionMask = 2147483647;
			files = (
				524D98C6196368D6008F79D5 /* CoreGraphics.framework in Frameworks */,
				524D98C8196368D6008F79D5 /* UIKit.framework in Frameworks */,
				524D98C4196368D6008F79D5 /* Foundation.framework in Frameworks */,
			);
			runOnlyForDeploymentPostprocessing = 0;
		};
		524D98E1196368D6008F79D5 /* Frameworks */ = {
			isa = PBXFrameworksBuildPhase;
			buildActionMask = 2147483647;
			files = (
				524D98E6196368D6008F79D5 /* XCTest.framework in Frameworks */,
				524D98E8196368D6008F79D5 /* UIKit.framework in Frameworks */,
				524D98E7196368D6008F79D5 /* Foundation.framework in Frameworks */,
			);
			runOnlyForDeploymentPostprocessing = 0;
		};
/* End PBXFrameworksBuildPhase section */

/* Begin PBXGroup section */
		524D98B7196368D6008F79D5 = {
			isa = PBXGroup;
			children = (
				524D98C9196368D6008F79D5 /* Phorcys */,
				524D98EB196368D6008F79D5 /* PhorcysTests */,
				524D98C2196368D6008F79D5 /* Frameworks */,
				524D98C1196368D6008F79D5 /* Products */,
			);
			sourceTree = "<group>";
		};
		524D98C1196368D6008F79D5 /* Products */ = {
			isa = PBXGroup;
			children = (
				524D98C0196368D6008F79D5 /* Phorcys.app */,
				524D98E4196368D6008F79D5 /* PhorcysTests.xctest */,
			);
			name = Products;
			sourceTree = "<group>";
		};
		524D98C2196368D6008F79D5 /* Frameworks */ = {
			isa = PBXGroup;
			children = (
				524D98C3196368D6008F79D5 /* Foundation.framework */,
				524D98C5196368D6008F79D5 /* CoreGraphics.framework */,
				524D98C7196368D6008F79D5 /* UIKit.framework */,
				524D98E5196368D6008F79D5 /* XCTest.framework */,
			);
			name = Frameworks;
			sourceTree = "<group>";
		};
		524D98C9196368D6008F79D5 /* Phorcys */ = {
			isa = PBXGroup;
			children = (
				524D98FD1963751A008F79D5 /* iPad */,
				524D98D2196368D6008F79D5 /* AppDelegate.h */,
				524D98D3196368D6008F79D5 /* AppDelegate.m */,
				524D98D5196368D6008F79D5 /* Main_iPhone.storyboard */,
				524D98D8196368D6008F79D5 /* Main_iPad.storyboard */,
				524D98DB196368D6008F79D5 /* ViewController.h */,
				524D98DC196368D6008F79D5 /* ViewController.m */,
				524D98DE196368D6008F79D5 /* Images.xcassets */,
				524D98CA196368D6008F79D5 /* Supporting Files */,
			);
			path = Phorcys;
			sourceTree = "<group>";
		};
		524D98CA196368D6008F79D5 /* Supporting Files */ = {
			isa = PBXGroup;
			children = (
				525E2F6E1B699B32004B9C29 /* Default.png */,
				525E2F6C1B699747004B9C29 /* Default-568h@2x.png */,
				5274C15419C117EA006DCC03 /* Default@2x.png */,
				52AE505419C111400058209B /* Icon.png */,
				52AE505519C111400058209B /* Icon@2x.png */,
				524D98CB196368D6008F79D5 /* Phorcys-Info.plist */,
				524D98CC196368D6008F79D5 /* InfoPlist.strings */,
				524D98CF196368D6008F79D5 /* main.m */,
				524D98D1196368D6008F79D5 /* Phorcys-Prefix.pch */,
			);
			name = "Supporting Files";
			sourceTree = "<group>";
		};
		524D98EB196368D6008F79D5 /* PhorcysTests */ = {
			isa = PBXGroup;
			children = (
				524D98F1196368D6008F79D5 /* PhorcysTests.m */,
				524D98EC196368D6008F79D5 /* Supporting Files */,
			);
			path = PhorcysTests;
			sourceTree = "<group>";
		};
		524D98EC196368D6008F79D5 /* Supporting Files */ = {
			isa = PBXGroup;
			children = (
				524D98ED196368D6008F79D5 /* PhorcysTests-Info.plist */,
				524D98EE196368D6008F79D5 /* InfoPlist.strings */,
			);
			name = "Supporting Files";
			sourceTree = "<group>";
		};
		524D98FD1963751A008F79D5 /* iPad */ = {
			isa = PBXGroup;
			children = (
				527B610F19DB4D7C00140164 /* Default.psd */,
			);
			name = iPad;
			sourceTree = "<group>";
		};
/* End PBXGroup section */

/* Begin PBXNativeTarget section */
		524D98BF196368D6008F79D5 /* Phorcys */ = {
			isa = PBXNativeTarget;
			buildConfigurationList = 524D98F5196368D6008F79D5 /* Build configuration list for PBXNativeTarget "Phorcys" */;
			buildPhases = (
				524D98BC196368D6008F79D5 /* Sources */,
				524D98BD196368D6008F79D5 /* Frameworks */,
				524D98BE196368D6008F79D5 /* Resources */,
			);
			buildRules = (
			);
			dependencies = (
			);
			name = Phorcys;
			productName = Phorcys;
			productReference = 524D98C0196368D6008F79D5 /* Phorcys.app */;
			productType = "com.apple.product-type.application";
		};
		524D98E3196368D6008F79D5 /* PhorcysTests */ = {
			isa = PBXNativeTarget;
			buildConfigurationList = 524D98F8196368D6008F79D5 /* Build configuration list for PBXNativeTarget "PhorcysTests" */;
			buildPhases = (
				524D98E0196368D6008F79D5 /* Sources */,
				524D98E1196368D6008F79D5 /* Frameworks */,
				524D98E2196368D6008F79D5 /* Resources */,
			);
			buildRules = (
			);
			dependencies = (
				524D98EA196368D6008F79D5 /* PBXTargetDependency */,
			);
			name = PhorcysTests;
			productName = PhorcysTests;
			productReference = 524D98E4196368D6008F79D5 /* PhorcysTests.xctest */;
			productType = "com.apple.product-type.bundle.unit-test";
		};
/* End PBXNativeTarget section */

/* Begin PBXProject section */
		524D98B8196368D6008F79D5 /* Project object */ = {
			isa = PBXProject;
			attributes = {
				LastUpgradeCheck = 0920;
				ORGANIZATIONNAME = Hacksoft;
				TargetAttributes = {
					524D98BF196368D6008F79D5 = {
						ProvisioningStyle = Automatic;
					};
					524D98E3196368D6008F79D5 = {
						TestTargetID = 524D98BF196368D6008F79D5;
					};
				};
			};
			buildConfigurationList = 524D98BB196368D6008F79D5 /* Build configuration list for PBXProject "Phorcys" */;
			compatibilityVersion = "Xcode 8.0";
			developmentRegion = English;
			hasScannedForEncodings = 0;
			knownRegions = (
				English,
				en,
				Base,
			);
			mainGroup = 524D98B7196368D6008F79D5;
			productRefGroup = 524D98C1196368D6008F79D5 /* Products */;
			projectDirPath = "";
			projectRoot = "";
			targets = (
				524D98BF196368D6008F79D5 /* Phorcys */,
				524D98E3196368D6008F79D5 /* PhorcysTests */,
			);
		};
/* End PBXProject section */

/* Begin PBXResourcesBuildPhase section */
		524D98BE196368D6008F79D5 /* Resources */ = {
			isa = PBXResourcesBuildPhase;
			buildActionMask = 2147483647;
			files = (
				524D98DA196368D6008F79D5 /* Main_iPad.storyboard in Resources */,
				52AE505719C111400058209B /* Icon@2x.png in Resources */,
				524D98DF196368D6008F79D5 /* Images.xcassets in Resources */,
				525E2F6D1B699747004B9C29 /* Default-568h@2x.png in Resources */,
				52AE505619C111400058209B /* Icon.png in Resources */,
				5274C15519C117EA006DCC03 /* Default@2x.png in Resources */,
				527B611019DB4D7D00140164 /* Default.psd in Resources */,
				524D98D7196368D6008F79D5 /* Main_iPhone.storyboard in Resources */,
				524D98CE196368D6008F79D5 /* InfoPlist.strings in Resources */,
				525E2F6F1B699B32004B9C29 /* Default.png in Resources */,
			);
			runOnlyForDeploymentPostprocessing = 0;
		};
		524D98E2196368D6008F79D5 /* Resources */ = {
			isa = PBXResourcesBuildPhase;
			buildActionMask = 2147483647;
			files = (
				524D98F0196368D6008F79D5 /* InfoPlist.strings in Resources */,
			);
			runOnlyForDeploymentPostprocessing = 0;
		};
/* End PBXResourcesBuildPhase section */

/* Begin PBXSourcesBuildPhase section */
		524D98BC196368D6008F79D5 /* Sources */ = {
			isa = PBXSourcesBuildPhase;
			buildActionMask = 2147483647;
			files = (
				524D98DD196368D6008F79D5 /* ViewController.m in Sources */,
				524D98D4196368D6008F79D5 /* AppDelegate.m in Sources */,
				524D98D0196368D6008F79D5 /* main.m in Sources */,
			);
			runOnlyForDeploymentPostprocessing = 0;
		};
		524D98E0196368D6008F79D5 /* Sources */ = {
			isa = PBXSourcesBuildPhase;
			buildActionMask = 2147483647;
			files = (
				524D98F2196368D6008F79D5 /* PhorcysTests.m in Sources */,
			);
			runOnlyForDeploymentPostprocessing = 0;
		};
/* End PBXSourcesBuildPhase section */

/* Begin PBXTargetDependency section */
		524D98EA196368D6008F79D5 /* PBXTargetDependency */ = {
			isa = PBXTargetDependency;
			target = 524D98BF196368D6008F79D5 /* Phorcys */;
			targetProxy = 524D98E9196368D6008F79D5 /* PBXContainerItemProxy */;
		};
/* End PBXTargetDependency section */

/* Begin PBXVariantGroup section */
		524D98CC196368D6008F79D5 /* InfoPlist.strings */ = {
			isa = PBXVariantGroup;
			children = (
				524D98CD196368D6008F79D5 /* en */,
			);
			name = InfoPlist.strings;
			sourceTree = "<group>";
		};
		524D98D5196368D6008F79D5 /* Main_iPhone.storyboard */ = {
			isa = PBXVariantGroup;
			children = (
				524D98D6196368D6008F79D5 /* Base */,
			);
			name = Main_iPhone.storyboard;
			sourceTree = "<group>";
		};
		524D98D8196368D6008F79D5 /* Main_iPad.storyboard */ = {
			isa = PBXVariantGroup;
			children = (
				524D98D9196368D6008F79D5 /* Base */,
			);
			name = Main_iPad.storyboard;
			sourceTree = "<group>";
		};
		524D98EE196368D6008F79D5 /* InfoPlist.strings */ = {
			isa = PBXVariantGroup;
			children = (
				524D98EF196368D6008F79D5 /* en */,
			);
			name = InfoPlist.strings;
			sourceTree = "<group>";
		};
/* End PBXVariantGroup section */

/* Begin XCBuildConfiguration section */
		524D98F3196368D6008F79D5 /* Debug */ = {
			isa = XCBuildConfiguration;
			buildSettings = {
				ALWAYS_SEARCH_USER_PATHS = NO;
				CLANG_CXX_LANGUAGE_STANDARD = "gnu++0x";
				CLANG_CXX_LIBRARY = "libc++";
				CLANG_ENABLE_MODULES = YES;
				CLANG_ENABLE_OBJC_ARC = YES;
				CLANG_WARN_BLOCK_CAPTURE_AUTORELEASING = YES;
				CLANG_WARN_BOOL_CONVERSION = YES;
				CLANG_WARN_COMMA = YES;
				CLANG_WARN_CONSTANT_CONVERSION = YES;
				CLANG_WARN_DIRECT_OBJC_ISA_USAGE = YES_ERROR;
				CLANG_WARN_EMPTY_BODY = YES;
				CLANG_WARN_ENUM_CONVERSION = YES;
				CLANG_WARN_INFINITE_RECURSION = YES;
				CLANG_WARN_INT_CONVERSION = YES;
				CLANG_WARN_NON_LITERAL_NULL_CONVERSION = YES;
				CLANG_WARN_OBJC_LITERAL_CONVERSION = YES;
				CLANG_WARN_OBJC_ROOT_CLASS = YES_ERROR;
				CLANG_WARN_RANGE_LOOP_ANALYSIS = YES;
				CLANG_WARN_STRICT_PROTOTYPES = YES;
				CLANG_WARN_SUSPICIOUS_MOVE = YES;
				CLANG_WARN_UNREACHABLE_CODE = YES;
				CLANG_WARN__DUPLICATE_METHOD_MATCH = YES;
				CODE_SIGN_IDENTITY = "iPhone Developer";
				"CODE_SIGN_IDENTITY[sdk=iphoneos*]" = "iPhone Developer";
				COPY_PHASE_STRIP = NO;
				ENABLE_STRICT_OBJC_MSGSEND = YES;
				ENABLE_TESTABILITY = YES;
				GCC_C_LANGUAGE_STANDARD = gnu99;
				GCC_DYNAMIC_NO_PIC = NO;
				GCC_NO_COMMON_BLOCKS = YES;
				GCC_OPTIMIZATION_LEVEL = 0;
				GCC_PREPROCESSOR_DEFINITIONS = (
					"DEBUG=1",
					"$(inherited)",
				);
				GCC_SYMBOLS_PRIVATE_EXTERN = NO;
				GCC_WARN_64_TO_32_BIT_CONVERSION = YES;
				GCC_WARN_ABOUT_RETURN_TYPE = YES_ERROR;
				GCC_WARN_UNDECLARED_SELECTOR = YES;
				GCC_WARN_UNINITIALIZED_AUTOS = YES_AGGRESSIVE;
				GCC_WARN_UNUSED_FUNCTION = YES;
				GCC_WARN_UNUSED_VARIABLE = YES;
				IPHONEOS_DEPLOYMENT_TARGET = 16.1;
				ONLY_ACTIVE_ARCH = YES;
				SDKROOT = iphoneos;
				TARGETED_DEVICE_FAMILY = "1,2";
			};
			name = Debug;
		};
		524D98F4196368D6008F79D5 /* Release */ = {
			isa = XCBuildConfiguration;
			buildSettings = {
				ALWAYS_SEARCH_USER_PATHS = NO;
				CLANG_CXX_LANGUAGE_STANDARD = "gnu++0x";
				CLANG_CXX_LIBRARY = "libc++";
				CLANG_ENABLE_MODULES = YES;
				CLANG_ENABLE_OBJC_ARC = YES;
				CLANG_WARN_BLOCK_CAPTURE_AUTORELEASING = YES;
				CLANG_WARN_BOOL_CONVERSION = YES;
				CLANG_WARN_COMMA = YES;
				CLANG_WARN_CONSTANT_CONVERSION = YES;
				CLANG_WARN_DIRECT_OBJC_ISA_USAGE = YES_ERROR;
				CLANG_WARN_EMPTY_BODY = YES;
				CLANG_WARN_ENUM_CONVERSION = YES;
				CLANG_WARN_INFINITE_RECURSION = YES;
				CLANG_WARN_INT_CONVERSION = YES;
				CLANG_WARN_NON_LITERAL_NULL_CONVERSION = YES;
				CLANG_WARN_OBJC_LITERAL_CONVERSION = YES;
				CLANG_WARN_OBJC_ROOT_CLASS = YES_ERROR;
				CLANG_WARN_RANGE_LOOP_ANALYSIS = YES;
				CLANG_WARN_STRICT_PROTOTYPES = YES;
				CLANG_WARN_SUSPICIOUS_MOVE = YES;
				CLANG_WARN_UNREACHABLE_CODE = YES;
				CLANG_WARN__DUPLICATE_METHOD_MATCH = YES;
				CODE_SIGN_IDENTITY = "iPhone Developer: LARRY HACK (SBLBV5P66L)";
				"CODE_SIGN_IDENTITY[sdk=iphoneos*]" = "iPhone Developer: LARRY HACK (SBLBV5P66L)";
				COPY_PHASE_STRIP = YES;
				ENABLE_NS_ASSERTIONS = NO;
				ENABLE_STRICT_OBJC_MSGSEND = YES;
				GCC_C_LANGUAGE_STANDARD = gnu99;
				GCC_NO_COMMON_BLOCKS = YES;
				GCC_WARN_64_TO_32_BIT_CONVERSION = YES;
				GCC_WARN_ABOUT_RETURN_TYPE = YES_ERROR;
				GCC_WARN_UNDECLARED_SELECTOR = YES;
				GCC_WARN_UNINITIALIZED_AUTOS = YES_AGGRESSIVE;
				GCC_WARN_UNUSED_FUNCTION = YES;
				GCC_WARN_UNUSED_VARIABLE = YES;
				IPHONEOS_DEPLOYMENT_TARGET = 16.1;
				SDKROOT = iphoneos;
				TARGETED_DEVICE_FAMILY = "1,2";
				VALIDATE_PRODUCT = YES;
			};
			name = Release;
		};
		524D98F6196368D6008F79D5 /* Debug */ = {
			isa = XCBuildConfiguration;
			buildSettings = {
				ASSETCATALOG_COMPILER_APPICON_NAME = AppIcon;
				CODE_SIGN_IDENTITY = "iPhone Developer: LARRY HACK (SBLBV5P66L)";
				"CODE_SIGN_IDENTITY[sdk=*]" = "iPhone Developer";
				"CODE_SIGN_IDENTITY[sdk=iphoneos*]" = "iPhone Developer";
				CODE_SIGN_STYLE = Automatic;
				DEVELOPMENT_TEAM = U9BRMYMRGX;
				GCC_PRECOMPILE_PREFIX_HEADER = YES;
				GCC_PREFIX_HEADER = "Phorcys/Phorcys-Prefix.pch";
				INFOPLIST_FILE = "Phorcys/Phorcys-Info.plist";
				IPHONEOS_DEPLOYMENT_TARGET = 16.1;
				PRODUCT_BUNDLE_IDENTIFIER = com.larryhack.Phorcys;
				PRODUCT_NAME = "$(TARGET_NAME)";
				PROVISIONING_PROFILE = "";
				PROVISIONING_PROFILE_SPECIFIER = "";
				TARGETED_DEVICE_FAMILY = "1,2";
				WRAPPER_EXTENSION = app;
			};
			name = Debug;
		};
		524D98F7196368D6008F79D5 /* Release */ = {
			isa = XCBuildConfiguration;
			buildSettings = {
				ASSETCATALOG_COMPILER_APPICON_NAME = AppIcon;
				CODE_SIGN_IDENTITY = "iPhone Developer: LARRY HACK (SBLBV5P66L)";
				"CODE_SIGN_IDENTITY[sdk=iphoneos*]" = "iPhone Developer";
				CODE_SIGN_STYLE = Automatic;
				DEVELOPMENT_TEAM = U9BRMYMRGX;
				GCC_PRECOMPILE_PREFIX_HEADER = YES;
				GCC_PREFIX_HEADER = "Phorcys/Phorcys-Prefix.pch";
				INFOPLIST_FILE = "Phorcys/Phorcys-Info.plist";
				IPHONEOS_DEPLOYMENT_TARGET = 16.1;
				PRODUCT_BUNDLE_IDENTIFIER = com.larryhack.Phorcys;
				PRODUCT_NAME = "$(TARGET_NAME)";
				PROVISIONING_PROFILE = "";
				PROVISIONING_PROFILE_SPECIFIER = "";
				TARGETED_DEVICE_FAMILY = "1,2";
				WRAPPER_EXTENSION = app;
			};
			name = Release;
		};
		524D98F9196368D6008F79D5 /* Debug */ = {
			isa = XCBuildConfiguration;
			buildSettings = {
				BUNDLE_LOADER = "$(BUILT_PRODUCTS_DIR)/Phorcys.app/Phorcys";
				FRAMEWORK_SEARCH_PATHS = (
					"$(SDKROOT)/Developer/Library/Frameworks",
					"$(inherited)",
					"$(DEVELOPER_FRAMEWORKS_DIR)",
				);
				GCC_PRECOMPILE_PREFIX_HEADER = YES;
				GCC_PREFIX_HEADER = "Phorcys/Phorcys-Prefix.pch";
				GCC_PREPROCESSOR_DEFINITIONS = (
					"DEBUG=1",
					"$(inherited)",
				);
				INFOPLIST_FILE = "PhorcysTests/PhorcysTests-Info.plist";
				PRODUCT_BUNDLE_IDENTIFIER = "com.larryhack.${PRODUCT_NAME:rfc1034identifier}";
				PRODUCT_NAME = "$(TARGET_NAME)";
				TEST_HOST = "$(BUNDLE_LOADER)";
				WRAPPER_EXTENSION = xctest;
			};
			name = Debug;
		};
		524D98FA196368D6008F79D5 /* Release */ = {
			isa = XCBuildConfiguration;
			buildSettings = {
				BUNDLE_LOADER = "$(BUILT_PRODUCTS_DIR)/Phorcys.app/Phorcys";
				FRAMEWORK_SEARCH_PATHS = (
					"$(SDKROOT)/Developer/Library/Frameworks",
					"$(inherited)",
					"$(DEVELOPER_FRAMEWORKS_DIR)",
				);
				GCC_PRECOMPILE_PREFIX_HEADER = YES;
				GCC_PREFIX_HEADER = "Phorcys/Phorcys-Prefix.pch";
				INFOPLIST_FILE = "PhorcysTests/PhorcysTests-Info.plist";
				PRODUCT_BUNDLE_IDENTIFIER = "com.larryhack.${PRODUCT_NAME:rfc1034identifier}";
				PRODUCT_NAME = "$(TARGET_NAME)";
				TEST_HOST = "$(BUNDLE_LOADER)";
				WRAPPER_EXTENSION = xctest;
			};
			name = Release;
		};
/* End XCBuildConfiguration section */

/* Begin XCConfigurationList section */
		524D98BB196368D6008F79D5 /* Build configuration list for PBXProject "Phorcys" */ = {
			isa = XCConfigurationList;
			buildConfigurations = (
				524D98F3196368D6008F79D5 /* Debug */,
				524D98F4196368D6008F79D5 /* Release */,
			);
			defaultConfigurationIsVisible = 0;
			defaultConfigurationName = Release;
		};
		524D98F5196368D6008F79D5 /* Build configuration list for PBXNativeTarget "Phorcys" */ = {
			isa = XCConfigurationList;
			buildConfigurations = (
				524D98F6196368D6008F79D5 /* Debug */,
				524D98F7196368D6008F79D5 /* Release */,
			);
			defaultConfigurationIsVisible = 0;
			defaultConfigurationName = Release;
		};
		524D98F8196368D6008F79D5 /* Build configuration list for PBXNativeTarget "PhorcysTests" */ = {
			isa = XCConfigurationList;
			buildConfigurations = (
				524D98F9196368D6008F79D5 /* Debug */,
				524D98FA196368D6008F79D5 /* Release */,
			);
			defaultConfigurationIsVisible = 0;
			defaultConfigurationName = Release;
		};
/* End XCConfigurationList section */
	};
	rootObject = 524D98B8196368D6008F79D5 /* Project object */;
}
